// !$*UTF8*$!
{
	archiveVersion = 1;
	classes = {
	};
	objectVersion = 46;
	objects = {

/* Begin PBXBuildFile section */
		6C7523DD1B560E6900981C51 /* main.m in Sources */ = {isa = PBXBuildFile; fileRef = 6C7523DC1B560E6900981C51 /* main.m */; };
		6C7523E01B560E6900981C51 /* AppDelegate.m in Sources */ = {isa = PBXBuildFile; fileRef = 6C7523DF1B560E6900981C51 /* AppDelegate.m */; };
		6C7523E31B560E6900981C51 /* ViewController.m in Sources */ = {isa = PBXBuildFile; fileRef = 6C7523E21B560E6900981C51 /* ViewController.m */; };
		6C7523E61B560E6900981C51 /* Main.storyboard in Resources */ = {isa = PBXBuildFile; fileRef = 6C7523E41B560E6900981C51 /* Main.storyboard */; };
		6C7523E81B560E6900981C51 /* Images.xcassets in Resources */ = {isa = PBXBuildFile; fileRef = 6C7523E71B560E6900981C51 /* Images.xcassets */; };
		6C7523EB1B560E6900981C51 /* LaunchScreen.xib in Resources */ = {isa = PBXBuildFile; fileRef = 6C7523E91B560E6900981C51 /* LaunchScreen.xib */; };
		6C7523F71B560E6900981C51 /* MyScrollViewTests.m in Sources */ = {isa = PBXBuildFile; fileRef = 6C7523F61B560E6900981C51 /* MyScrollViewTests.m */; };
		6C7524021B56165C00981C51 /* MyScrollView.m in Sources */ = {isa = PBXBuildFile; fileRef = 6C7524011B56165C00981C51 /* MyScrollView.m */; };
/* End PBXBuildFile section */

/* Begin PBXContainerItemProxy section */
		6C7523F11B560E6900981C51 /* PBXContainerItemProxy */ = {
			isa = PBXContainerItemProxy;
			containerPortal = 6C7523CF1B560E6900981C51 /* Project object */;
			proxyType = 1;
			remoteGlobalIDString = 6C7523D61B560E6900981C51;
			remoteInfo = MyScrollView;
		};
/* End PBXContainerItemProxy section */

/* Begin PBXFileReference section */
		6C7523D71B560E6900981C51 /* MyScrollView.app */ = {isa = PBXFileReference; explicitFileType = wrapper.application; includeInIndex = 0; path = MyScrollView.app; sourceTree = BUILT_PRODUCTS_DIR; };
		6C7523DB1B560E6900981C51 /* Info.plist */ = {isa = PBXFileReference; lastKnownFileType = text.plist.xml; path = Info.plist; sourceTree = "<group>"; };
		6C7523DC1B560E6900981C51 /* main.m */ = {isa = PBXFileReference; lastKnownFileType = sourcecode.c.objc; path = main.m; sourceTree = "<group>"; };
		6C7523DE1B560E6900981C51 /* AppDelegate.h */ = {isa = PBXFileReference; lastKnownFileType = sourcecode.c.h; path = AppDelegate.h; sourceTree = "<group>"; };
		6C7523DF1B560E6900981C51 /* AppDelegate.m */ = {isa = PBXFileReference; lastKnownFileType = sourcecode.c.objc; path = AppDelegate.m; sourceTree = "<group>"; };
		6C7523E11B560E6900981C51 /* ViewController.h */ = {isa = PBXFileReference; lastKnownFileType = sourcecode.c.h; path = ViewController.h; sourceTree = "<group>"; };
		6C7523E21B560E6900981C51 /* ViewController.m */ = {isa = PBXFileReference; lastKnownFileType = sourcecode.c.objc; path = ViewController.m; sourceTree = "<group>"; };
		6C7523E51B560E6900981C51 /* Base */ = {isa = PBXFileReference; lastKnownFileType = file.storyboard; name = Base; path = Base.lproj/Main.storyboard; sourceTree = "<group>"; };
		6C7523E71B560E6900981C51 /* Images.xcassets */ = {isa = PBXFileReference; lastKnownFileType = folder.assetcatalog; path = Images.xcassets; sourceTree = "<group>"; };
		6C7523EA1B560E6900981C51 /* Base */ = {isa = PBXFileReference; lastKnownFileType = file.xib; name = Base; path = Base.lproj/LaunchScreen.xib; sourceTree = "<group>"; };
		6C7523F01B560E6900981C51 /* MyScrollViewTests.xctest */ = {isa = PBXFileReference; explicitFileType = wrapper.cfbundle; includeInIndex = 0; path = MyScrollViewTests.xctest; sourceTree = BUILT_PRODUCTS_DIR; };
		6C7523F51B560E6900981C51 /* Info.plist */ = {isa = PBXFileReference; lastKnownFileType = text.plist.xml; path = Info.plist; sourceTree = "<group>"; };
		6C7523F61B560E6900981C51 /* MyScrollViewTests.m */ = {isa = PBXFileReference; lastKnownFileType = sourcecode.c.objc; path = MyScrollViewTests.m; sourceTree = "<group>"; };
		6C7524001B56165C00981C51 /* MyScrollView.h */ = {isa = PBXFileReference; fileEncoding = 4; lastKnownFileType = sourcecode.c.h; path = MyScrollView.h; sourceTree = SOURCE_ROOT; };
		6C7524011B56165C00981C51 /* MyScrollView.m */ = {isa = PBXFileReference; fileEncoding = 4; lastKnownFileType = sourcecode.c.objc; path = MyScrollView.m; sourceTree = SOURCE_ROOT; };
/* End PBXFileReference section */

/* Begin PBXFrameworksBuildPhase section */
		6C7523D41B560E6900981C51 /* Frameworks */ = {
			isa = PBXFrameworksBuildPhase;
			buildActionMask = 2147483647;
			files = (
			);
			runOnlyForDeploymentPostprocessing = 0;
		};
		6C7523ED1B560E6900981C51 /* Frameworks */ = {
			isa = PBXFrameworksBuildPhase;
			buildActionMask = 2147483647;
			files = (
			);
			runOnlyForDeploymentPostprocessing = 0;
		};
/* End PBXFrameworksBuildPhase section */

/* Begin PBXGroup section */
		6C7523CE1B560E6900981C51 = {
			isa = PBXGroup;
			children = (
				6C7523D91B560E6900981C51 /* MyScrollView */,
				6C7523F31B560E6900981C51 /* MyScrollViewTests */,
				6C7523D81B560E6900981C51 /* Products */,
			);
			sourceTree = "<group>";
		};
		6C7523D81B560E6900981C51 /* Products */ = {
			isa = PBXGroup;
			children = (
				6C7523D71B560E6900981C51 /* MyScrollView.app */,
				6C7523F01B560E6900981C51 /* MyScrollViewTests.xctest */,
			);
			name = Products;
			sourceTree = "<group>";
		};
		6C7523D91B560E6900981C51 /* MyScrollView */ = {
			isa = PBXGroup;
			children = (
				6C7523DE1B560E6900981C51 /* AppDelegate.h */,
				6C7523DF1B560E6900981C51 /* AppDelegate.m */,
				6C7523E11B560E6900981C51 /* ViewController.h */,
				6C7523E21B560E6900981C51 /* ViewController.m */,
				6C7524001B56165C00981C51 /* MyScrollView.h */,
				6C7524011B56165C00981C51 /* MyScrollView.m */,
				6C7523E41B560E6900981C51 /* Main.storyboard */,
				6C7523E71B560E6900981C51 /* Images.xcassets */,
				6C7523E91B560E6900981C51 /* LaunchScreen.xib */,
				6C7523DA1B560E6900981C51 /* Supporting Files */,
			);
			path = MyScrollView;
			sourceTree = "<group>";
		};
		6C7523DA1B560E6900981C51 /* Supporting Files */ = {
			isa = PBXGroup;
			children = (
				6C7523DB1B560E6900981C51 /* Info.plist */,
				6C7523DC1B560E6900981C51 /* main.m */,
			);
			name = "Supporting Files";
			sourceTree = "<group>";
		};
		6C7523F31B560E6900981C51 /* MyScrollViewTests */ = {
			isa = PBXGroup;
			children = (
				6C7523F61B560E6900981C51 /* MyScrollViewTests.m */,
				6C7523F41B560E6900981C51 /* Supporting Files */,
			);
			path = MyScrollViewTests;
			sourceTree = "<group>";
		};
		6C7523F41B560E6900981C51 /* Supporting Files */ = {
			isa = PBXGroup;
			children = (
				6C7523F51B560E6900981C51 /* Info.plist */,
			);
			name = "Supporting Files";
			sourceTree = "<group>";
		};
/* End PBXGroup section */

/* Begin PBXNativeTarget section */
		6C7523D61B560E6900981C51 /* MyScrollView */ = {
			isa = PBXNativeTarget;
			buildConfigurationList = 6C7523FA1B560E6900981C51 /* Build configuration list for PBXNativeTarget "MyScrollView" */;
			buildPhases = (
				6C7523D31B560E6900981C51 /* Sources */,
				6C7523D41B560E6900981C51 /* Frameworks */,
				6C7523D51B560E6900981C51 /* Resources */,
			);
			buildRules = (
			);
			dependencies = (
			);
			name = MyScrollView;
			productName = MyScrollView;
			productReference = 6C7523D71B560E6900981C51 /* MyScrollView.app */;
			productType = "com.apple.product-type.application";
		};
		6C7523EF1B560E6900981C51 /* MyScrollViewTests */ = {
			isa = PBXNativeTarget;
			buildConfigurationList = 6C7523FD1B560E6900981C51 /* Build configuration list for PBXNativeTarget "MyScrollViewTests" */;
			buildPhases = (
				6C7523EC1B560E6900981C51 /* Sources */,
				6C7523ED1B560E6900981C51 /* Frameworks */,
				6C7523EE1B560E6900981C51 /* Resources */,
			);
			buildRules = (
			);
			dependencies = (
				6C7523F21B560E6900981C51 /* PBXTargetDependency */,
			);
			name = MyScrollViewTests;
			productName = MyScrollViewTests;
			productReference = 6C7523F01B560E6900981C51 /* MyScrollViewTests.xctest */;
			productType = "com.apple.product-type.bundle.unit-test";
		};
/* End PBXNativeTarget section */

/* Begin PBXProject section */
		6C7523CF1B560E6900981C51 /* Project object */ = {
			isa = PBXProject;
			attributes = {
				LastUpgradeCheck = 0620;
				ORGANIZATIONNAME = Foodee;
				TargetAttributes = {
					6C7523D61B560E6900981C51 = {
						CreatedOnToolsVersion = 6.2;
					};
					6C7523EF1B560E6900981C51 = {
						CreatedOnToolsVersion = 6.2;
						TestTargetID = 6C7523D61B560E6900981C51;
					};
				};
			};
			buildConfigurationList = 6C7523D21B560E6900981C51 /* Build configuration list for PBXProject "MyScrollView" */;
			compatibilityVersion = "Xcode 3.2";
			developmentRegion = English;
			hasScannedForEncodings = 0;
			knownRegions = (
				en,
				Base,
			);
			mainGroup = 6C7523CE1B560E6900981C51;
			productRefGroup = 6C7523D81B560E6900981C51 /* Products */;
			projectDirPath = "";
			projectRoot = "";
			targets = (
				6C7523D61B560E6900981C51 /* MyScrollView */,
				6C7523EF1B560E6900981C51 /* MyScrollViewTests */,
			);
		};
/* End PBXProject section */

/* Begin PBXResourcesBuildPhase section */
		6C7523D51B560E6900981C51 /* Resources */ = {
			isa = PBXResourcesBuildPhase;
			buildActionMask = 2147483647;
			files = (
				6C7523E61B560E6900981C51 /* Main.storyboard in Resources */,
				6C7523EB1B560E6900981C51 /* LaunchScreen.xib in Resources */,
				6C7523E81B560E6900981C51 /* Images.xcassets in Resources */,
			);
			runOnlyForDeploymentPostprocessing = 0;
		};
		6C7523EE1B560E6900981C51 /* Resources */ = {
			isa = PBXResourcesBuildPhase;
			buildActionMask = 2147483647;
			files = (
			);
			runOnlyForDeploymentPostprocessing = 0;
		};
/* End PBXResourcesBuildPhase section */

/* Begin PBXSourcesBuildPhase section */
		6C7523D31B560E6900981C51 /* Sources */ = {
			isa = PBXSourcesBuildPhase;
			buildActionMask = 2147483647;
			files = (
				6C7523E31B560E6900981C51 /* ViewController.m in Sources */,
				6C7524021B56165C00981C51 /* MyScrollView.m in Sources */,
				6C7523E01B560E6900981C51 /* AppDelegate.m in Sources */,
				6C7523DD1B560E6900981C51 /* main.m in Sources */,
			);
			runOnlyForDeploymentPostprocessing = 0;
		};
		6C7523EC1B560E6900981C51 /* Sources */ = {
			isa = PBXSourcesBuildPhase;
			buildActionMask = 2147483647;
			files = (
				6C7523F71B560E6900981C51 /* MyScrollViewTests.m in Sources */,
			);
			runOnlyForDeploymentPostprocessing = 0;
		};
/* End PBXSourcesBuildPhase section */

/* Begin PBXTargetDependency section */
		6C7523F21B560E6900981C51 /* PBXTargetDependency */ = {
			isa = PBXTargetDependency;
			target = 6C7523D61B560E6900981C51 /* MyScrollView */;
			targetProxy = 6C7523F11B560E6900981C51 /* PBXContainerItemProxy */;
		};
/* End PBXTargetDependency section */

/* Begin PBXVariantGroup section */
		6C7523E41B560E6900981C51 /* Main.storyboard */ = {
			isa = PBXVariantGroup;
			children = (
				6C7523E51B560E6900981C51 /* Base */,
			);
			name = Main.storyboard;
			sourceTree = "<group>";
		};
		6C7523E91B560E6900981C51 /* LaunchScreen.xib */ = {
			isa = PBXVariantGroup;
			children = (
				6C7523EA1B560E6900981C51 /* Base */,
			);
			name = LaunchScreen.xib;
			sourceTree = "<group>";
		};
/* End PBXVariantGroup section */

/* Begin XCBuildConfiguration section */
		6C7523F81B560E6900981C51 /* Debug */ = {
			isa = XCBuildConfiguration;
			buildSettings = {
				ALWAYS_SEARCH_USER_PATHS = NO;
				CLANG_CXX_LANGUAGE_STANDARD = "gnu++0x";
				CLANG_CXX_LIBRARY = "libc++";
				CLANG_ENABLE_MODULES = YES;
				CLANG_ENABLE_OBJC_ARC = YES;
				CLANG_WARN_BOOL_CONVERSION = YES;
				CLANG_WARN_CONSTANT_CONVERSION = YES;
				CLANG_WARN_DIRECT_OBJC_ISA_USAGE = YES_ERROR;
				CLANG_WARN_EMPTY_BODY = YES;
				CLANG_WARN_ENUM_CONVERSION = YES;
				CLANG_WARN_INT_CONVERSION = YES;
				CLANG_WARN_OBJC_ROOT_CLASS = YES_ERROR;
				CLANG_WARN_UNREACHABLE_CODE = YES;
				CLANG_WARN__DUPLICATE_METHOD_MATCH = YES;
				"CODE_SIGN_IDENTITY[sdk=iphoneos*]" = "iPhone Developer";
				COPY_PHASE_STRIP = NO;
				ENABLE_STRICT_OBJC_MSGSEND = YES;
				GCC_C_LANGUAGE_STANDARD = gnu99;
				GCC_DYNAMIC_NO_PIC = NO;
				GCC_OPTIMIZATION_LEVEL = 0;
				GCC_PREPROCESSOR_DEFINITIONS = (
					"DEBUG=1",
					"$(inherited)",
				);
				GCC_SYMBOLS_PRIVATE_EXTERN = NO;
				GCC_WARN_64_TO_32_BIT_CONVERSION = YES;
				GCC_WARN_ABOUT_RETURN_TYPE = YES_ERROR;
				GCC_WARN_UNDECLARED_SELECTOR = YES;
				GCC_WARN_UNINITIALIZED_AUTOS = YES_AGGRESSIVE;
				GCC_WARN_UNUSED_FUNCTION = YES;
				GCC_WARN_UNUSED_VARIABLE = YES;
				IPHONEOS_DEPLOYMENT_TARGET = 8.2;
				MTL_ENABLE_DEBUG_INFO = YES;
				ONLY_ACTIVE_ARCH = YES;
				SDKROOT = iphoneos;
			};
			name = Debug;
		};
		6C7523F91B560E6900981C51 /* Release */ = {
			isa = XCBuildConfiguration;
			buildSettings = {
				ALWAYS_SEARCH_USER_PATHS = NO;
				CLANG_CXX_LANGUAGE_STANDARD = "gnu++0x";
				CLANG_CXX_LIBRARY = "libc++";
				CLANG_ENABLE_MODULES = YES;
				CLANG_ENABLE_OBJC_ARC = YES;
				CLANG_WARN_BOOL_CONVERSION = YES;
				CLANG_WARN_CONSTANT_CONVERSION = YES;
				CLANG_WARN_DIRECT_OBJC_ISA_USAGE = YES_ERROR;
				CLANG_WARN_EMPTY_BODY = YES;
				CLANG_WARN_ENUM_CONVERSION = YES;
				CLANG_WARN_INT_CONVERSION = YES;
				CLANG_WARN_OBJC_ROOT_CLASS = YES_ERROR;
				CLANG_WARN_UNREACHABLE_CODE = YES;
				CLANG_WARN__DUPLICATE_METHOD_MATCH = YES;
				"CODE_SIGN_IDENTITY[sdk=iphoneos*]" = "iPhone Developer";
				COPY_PHASE_STRIP = NO;
				ENABLE_NS_ASSERTIONS = NO;
				ENABLE_STRICT_OBJC_MSGSEND = YES;
				GCC_C_LANGUAGE_STANDARD = gnu99;
				GCC_WARN_64_TO_32_BIT_CONVERSION = YES;
				GCC_WARN_ABOUT_RETURN_TYPE = YES_ERROR;
				GCC_WARN_UNDECLARED_SELECTOR = YES;
				GCC_WARN_UNINITIALIZED_AUTOS = YES_AGGRESSIVE;
				GCC_WARN_UNUSED_FUNCTION = YES;
				GCC_WARN_UNUSED_VARIABLE = YES;
				IPHONEOS_DEPLOYMENT_TARGET = 8.2;
				MTL_ENABLE_DEBUG_INFO = NO;
				SDKROOT = iphoneos;
				VALIDATE_PRODUCT = YES;
			};
			name = Release;
		};
		6C7523FB1B560E6900981C51 /* Debug */ = {
			isa = XCBuildConfiguration;
			buildSettings = {
				ASSETCATALOG_COMPILER_APPICON_NAME = AppIcon;
				INFOPLIST_FILE = MyScrollView/Info.plist;
				LD_RUNPATH_SEARCH_PATHS = "$(inherited) @executable_path/Frameworks";
				PRODUCT_NAME = "$(TARGET_NAME)";
			};
			name = Debug;
		};
		6C7523FC1B560E6900981C51 /* Release */ = {
			isa = XCBuildConfiguration;
			buildSettings = {
				ASSETCATALOG_COMPILER_APPICON_NAME = AppIcon;
				INFOPLIST_FILE = MyScrollView/Info.plist;
				LD_RUNPATH_SEARCH_PATHS = "$(inherited) @executable_path/Frameworks";
				PRODUCT_NAME = "$(TARGET_NAME)";
			};
			name = Release;
		};
		6C7523FE1B560E6900981C51 /* Debug */ = {
			isa = XCBuildConfiguration;
			buildSettings = {
				BUNDLE_LOADER = "$(TEST_HOST)";
				FRAMEWORK_SEARCH_PATHS = (
					"$(SDKROOT)/Developer/Library/Frameworks",
					"$(inherited)",
				);
				GCC_PREPROCESSOR_DEFINITIONS = (
					"DEBUG=1",
					"$(inherited)",
				);
				INFOPLIST_FILE = MyScrollViewTests/Info.plist;
				LD_RUNPATH_SEARCH_PATHS = "$(inherited) @executable_path/Frameworks @loader_path/Frameworks";
				PRODUCT_NAME = "$(TARGET_NAME)";
				TEST_HOST = "$(BUILT_PRODUCTS_DIR)/MyScrollView.app/MyScrollView";
			};
			name = Debug;
		};
		6C7523FF1B560E6900981C51 /* Release */ = {
			isa = XCBuildConfiguration;
			buildSettings = {
				BUNDLE_LOADER = "$(TEST_HOST)";
				FRAMEWORK_SEARCH_PATHS = (
					"$(SDKROOT)/Developer/Library/Frameworks",
					"$(inherited)",
				);
				INFOPLIST_FILE = MyScrollViewTests/Info.plist;
				LD_RUNPATH_SEARCH_PATHS = "$(inherited) @executable_path/Frameworks @loader_path/Frameworks";
				PRODUCT_NAME = "$(TARGET_NAME)";
				TEST_HOST = "$(BUILT_PRODUCTS_DIR)/MyScrollView.app/MyScrollView";
			};
			name = Release;
		};
/* End XCBuildConfiguration section */

/* Begin XCConfigurationList section */
		6C7523D21B560E6900981C51 /* Build configuration list for PBXProject "MyScrollView" */ = {
			isa = XCConfigurationList;
			buildConfigurations = (
				6C7523F81B560E6900981C51 /* Debug */,
				6C7523F91B560E6900981C51 /* Release */,
			);
			defaultConfigurationIsVisible = 0;
			defaultConfigurationName = Release;
		};
		6C7523FA1B560E6900981C51 /* Build configuration list for PBXNativeTarget "MyScrollView" */ = {
			isa = XCConfigurationList;
			buildConfigurations = (
				6C7523FB1B560E6900981C51 /* Debug */,
				6C7523FC1B560E6900981C51 /* Release */,
			);
			defaultConfigurationIsVisible = 0;
		};
		6C7523FD1B560E6900981C51 /* Build configuration list for PBXNativeTarget "MyScrollViewTests" */ = {
			isa = XCConfigurationList;
			buildConfigurations = (
				6C7523FE1B560E6900981C51 /* Debug */,
				6C7523FF1B560E6900981C51 /* Release */,
			);
			defaultConfigurationIsVisible = 0;
		};
/* End XCConfigurationList section */
	};
	rootObject = 6C7523CF1B560E6900981C51 /* Project object */;
}
